PODS:
  - KMKeys (0.1.0)
  - Nimble (7.0.0)
  - Quick (1.1.0)

DEPENDENCIES:
  - KMKeys (from `../`)
  - Nimble
  - Quick

EXTERNAL SOURCES:
  KMKeys:
    :path: ../

SPEC CHECKSUMS:
  KMKeys: 28714a9f48fe6f672009edeca2483d09f9544fae
  Nimble: 874982b605d4d752fcac6be695d13c502de84b1b
  Quick: dafc587e21eed9f4cab3249b9f9015b0b7a7f71d

PODFILE CHECKSUM: d9c585e62c1801d29ea3b31f0f19962edb084358

COCOAPODS: 1.2.1
