PODS:
  - KMKeys (0.1.0)
  - Nimble (5.1.1)
  - Quick (1.0.0)

DEPENDENCIES:
  - KMKeys (from `../`)
  - Nimble (~> 5.1.1)
  - Quick (~> 1.0.0)

EXTERNAL SOURCES:
  KMKeys:
    :path: ../

SPEC CHECKSUMS:
  KMKeys: ded4ecb170a44fcabfae91fcf9f7314f3cc0cf04
  Nimble: 415e3aa3267e7bc2c96b05fa814ddea7bb686a29
  Quick: 8024e4a47e6cc03a9d5245ef0948264fc6d27cff

PODFILE CHECKSUM: ee2fcf51ac69488fb118dfae778cf2423519a145

COCOAPODS: 1.2.1
