PODS:
  - KMKeys (0.1.0)
  - Nimble (6.1.0)
  - Quick (1.1.0)

DEPENDENCIES:
  - KMKeys (from `../`)
  - Nimble (~> 6.x)
  - Quick (~> 1.x)

EXTERNAL SOURCES:
  KMKeys:
    :path: ../

SPEC CHECKSUMS:
  KMKeys: 28714a9f48fe6f672009edeca2483d09f9544fae
  Nimble: c53e6903fee94041b90ded74f135820437d8bf59
  Quick: dafc587e21eed9f4cab3249b9f9015b0b7a7f71d

PODFILE CHECKSUM: 1f96f45eace83cebb78ebb2250f8b67abcc1640f

COCOAPODS: 1.2.1
